
Microsoft Visual Studio Solution File, Format Version 12.00
# Visual Studio 2013
VisualStudioVersion = 12.0.30723.0
MinimumVisualStudioVersion = 10.0.40219.1
Project("{8BC9CEB8-8B4A-11D0-8D11-00A0C91BC942}") = "main", "main\main.vcxproj", "{5B7BEADA-B568-4F68-B254-19AFABBB7C30}"
	ProjectSection(ProjectDependencies) = postProject
		{F07899FB-59C8-4D2C-BF24-3EE6EF037A99} = {F07899FB-59C8-4D2C-BF24-3EE6EF037A99}
	EndProjectSection
EndProject
Project("{8BC9CEB8-8B4A-11D0-8D11-00A0C91BC942}") = "munkres", "munkres\munkres.vcxproj", "{F07899FB-59C8-4D2C-BF24-3EE6EF037A99}"
EndProject
Global
	GlobalSection(SolutionConfigurationPlatforms) = preSolution
		Debug|Win32 = Debug|Win32
		Debug|x64 = Debug|x64
		Release|Win32 = Release|Win32
		Release|x64 = Release|x64
	EndGlobalSection
	GlobalSection(ProjectConfigurationPlatforms) = postSolution
		{5B7BEADA-B568-4F68-B254-19AFABBB7C30}.Debug|Win32.ActiveCfg = Debug|Win32
		{5B7BEADA-B568-4F68-B254-19AFABBB7C30}.Debug|Win32.Build.0 = Debug|Win32
		{5B7BEADA-B568-4F68-B254-19AFABBB7C30}.Debug|x64.ActiveCfg = Debug|x64
		{5B7BEADA-B568-4F68-B254-19AFABBB7C30}.Debug|x64.Build.0 = Debug|x64
		{5B7BEADA-B568-4F68-B254-19AFABBB7C30}.Release|Win32.ActiveCfg = Release|Win32
		{5B7BEADA-B568-4F68-B254-19AFABBB7C30}.Release|Win32.Build.0 = Release|Win32
		{5B7BEADA-B568-4F68-B254-19AFABBB7C30}.Release|x64.ActiveCfg = Release|x64
		{5B7BEADA-B568-4F68-B254-19AFABBB7C30}.Release|x64.Build.0 = Release|x64
		{F07899FB-59C8-4D2C-BF24-3EE6EF037A99}.Debug|Win32.ActiveCfg = Debug|Win32
		{F07899FB-59C8-4D2C-BF24-3EE6EF037A99}.Debug|Win32.Build.0 = Debug|Win32
		{F07899FB-59C8-4D2C-BF24-3EE6EF037A99}.Debug|x64.ActiveCfg = Debug|x64
		{F07899FB-59C8-4D2C-BF24-3EE6EF037A99}.Debug|x64.Build.0 = Debug|x64
		{F07899FB-59C8-4D2C-BF24-3EE6EF037A99}.Release|Win32.ActiveCfg = Release|Win32
		{F07899FB-59C8-4D2C-BF24-3EE6EF037A99}.Release|Win32.Build.0 = Release|Win32
		{F07899FB-59C8-4D2C-BF24-3EE6EF037A99}.Release|x64.ActiveCfg = Release|x64
		{F07899FB-59C8-4D2C-BF24-3EE6EF037A99}.Release|x64.Build.0 = Release|x64
	EndGlobalSection
	GlobalSection(SolutionProperties) = preSolution
		HideSolutionNode = FALSE
	EndGlobalSection
EndGlobal
